
Microsoft Visual Studio Solution File, Format Version 12.00
# Visual Studio 2017
Project("{FAE04EC0-301F-11D3-BF4B-00C04F79EFBC}") = "AB01", "AB01.csproj", "{ABFD50F2-FE80-5745-D57E-2AFB5C254B1C}"
EndProject
Project("{FAE04EC0-301F-11D3-BF4B-00C04F79EFBC}") = "AB01.Editor", "AB01.Editor.csproj", "{2161F4B2-C542-810D-A59B-B1068DF3068B}"
EndProject
Global
	GlobalSection(SolutionConfigurationPlatforms) = preSolution
		Debug|Any CPU = Debug|Any CPU
		Release|Any CPU = Release|Any CPU
	EndGlobalSection
	GlobalSection(ProjectConfigurationPlatforms) = postSolution
		{ABFD50F2-FE80-5745-D57E-2AFB5C254B1C}.Debug|Any CPU.ActiveCfg = Debug|Any CPU
		{ABFD50F2-FE80-5745-D57E-2AFB5C254B1C}.Debug|Any CPU.Build.0 = Debug|Any CPU
		{ABFD50F2-FE80-5745-D57E-2AFB5C254B1C}.Release|Any CPU.ActiveCfg = Release|Any CPU
		{ABFD50F2-FE80-5745-D57E-2AFB5C254B1C}.Release|Any CPU.Build.0 = Release|Any CPU
		{2161F4B2-C542-810D-A59B-B1068DF3068B}.Debug|Any CPU.ActiveCfg = Debug|Any CPU
		{2161F4B2-C542-810D-A59B-B1068DF3068B}.Debug|Any CPU.Build.0 = Debug|Any CPU
		{2161F4B2-C542-810D-A59B-B1068DF3068B}.Release|Any CPU.ActiveCfg = Release|Any CPU
		{2161F4B2-C542-810D-A59B-B1068DF3068B}.Release|Any CPU.Build.0 = Release|Any CPU
	EndGlobalSection
	GlobalSection(SolutionProperties) = preSolution
		HideSolutionNode = FALSE
	EndGlobalSection
EndGlobal
